
Microsoft Visual Studio Solution File, Format Version 12.00
# Visual Studio Version 17
VisualStudioVersion = 17.11.35327.3
MinimumVisualStudioVersion = 10.0.40219.1
Project("{FAE04EC0-301F-11D3-BF4B-00C04F79EFBC}") = "ZTP_WPF_Project", "ZTP_WPF_Project.csproj", "{7D2888C5-D261-4AD8-82D6-E6958B43B302}"
EndProject
Global
	GlobalSection(SolutionConfigurationPlatforms) = preSolution
		Debug|Any CPU = Debug|Any CPU
		Release|Any CPU = Release|Any CPU
	EndGlobalSection
	GlobalSection(ProjectConfigurationPlatforms) = postSolution
		{7D2888C5-D261-4AD8-82D6-E6958B43B302}.Debug|Any CPU.ActiveCfg = Debug|Any CPU
		{7D2888C5-D261-4AD8-82D6-E6958B43B302}.Debug|Any CPU.Build.0 = Debug|Any CPU
		{7D2888C5-D261-4AD8-82D6-E6958B43B302}.Release|Any CPU.ActiveCfg = Release|Any CPU
		{7D2888C5-D261-4AD8-82D6-E6958B43B302}.Release|Any CPU.Build.0 = Release|Any CPU
	EndGlobalSection
	GlobalSection(SolutionProperties) = preSolution
		HideSolutionNode = FALSE
	EndGlobalSection
	GlobalSection(ExtensibilityGlobals) = postSolution
		SolutionGuid = {58113BF2-7425-4496-B904-620093FA6CED}
	EndGlobalSection
EndGlobal
